
Microsoft Visual Studio Solution File, Format Version 12.00
# Visual Studio 15
VisualStudioVersion = 15.0.28307.1145
MinimumVisualStudioVersion = 10.0.40219.1
Project("{9A19103F-16F7-4668-BE54-9A1E7A4F7556}") = "AzureServiceBus-Sender", "AzureServiceBus\AzureServiceBus-Sender.csproj", "{E1330B78-A99D-4557-B6E0-93A6903242D6}"
EndProject
Project("{9A19103F-16F7-4668-BE54-9A1E7A4F7556}") = "AzureServiceBus-Receiver", "AzureServiceBus-Receiver\AzureServiceBus-Receiver.csproj", "{94C1786B-E3C8-4B96-A54D-478348EAEF46}"
EndProject
Project("{9A19103F-16F7-4668-BE54-9A1E7A4F7556}") = "AzureServiceBus-TopicSender", "AzureServiceBus-TopicSender\AzureServiceBus-TopicSender.csproj", "{32005E81-FAE7-414E-8115-6F9757A3E8E8}"
EndProject
Project("{9A19103F-16F7-4668-BE54-9A1E7A4F7556}") = "AzureServiceBus-SubscriberReceiver", "AzureServiceBus-SubscriberReceiver\AzureServiceBus-SubscriberReceiver.csproj", "{9B917972-E63D-4D34-AB5A-C58C1F614B4A}"
EndProject
Project("{FAE04EC0-301F-11D3-BF4B-00C04F79EFBC}") = "AzureServiceBus-SessionSender", "AzureServiceBus-SessionSender\AzureServiceBus-SessionSender.csproj", "{66A6353F-5003-4342-B65C-EA452F241CCB}"
EndProject
Project("{FAE04EC0-301F-11D3-BF4B-00C04F79EFBC}") = "AzureServiceBus-SessionReceiver", "AzureServiceBus-SessionReceiver\AzureServiceBus-SessionReceiver.csproj", "{BBCAFEB5-2283-4E01-9AA4-BD9F0B976BC8}"
EndProject
Global
	GlobalSection(SolutionConfigurationPlatforms) = preSolution
		Debug|Any CPU = Debug|Any CPU
		Release|Any CPU = Release|Any CPU
	EndGlobalSection
	GlobalSection(ProjectConfigurationPlatforms) = postSolution
		{E1330B78-A99D-4557-B6E0-93A6903242D6}.Debug|Any CPU.ActiveCfg = Debug|Any CPU
		{E1330B78-A99D-4557-B6E0-93A6903242D6}.Debug|Any CPU.Build.0 = Debug|Any CPU
		{E1330B78-A99D-4557-B6E0-93A6903242D6}.Release|Any CPU.ActiveCfg = Release|Any CPU
		{E1330B78-A99D-4557-B6E0-93A6903242D6}.Release|Any CPU.Build.0 = Release|Any CPU
		{94C1786B-E3C8-4B96-A54D-478348EAEF46}.Debug|Any CPU.ActiveCfg = Debug|Any CPU
		{94C1786B-E3C8-4B96-A54D-478348EAEF46}.Debug|Any CPU.Build.0 = Debug|Any CPU
		{94C1786B-E3C8-4B96-A54D-478348EAEF46}.Release|Any CPU.ActiveCfg = Release|Any CPU
		{94C1786B-E3C8-4B96-A54D-478348EAEF46}.Release|Any CPU.Build.0 = Release|Any CPU
		{32005E81-FAE7-414E-8115-6F9757A3E8E8}.Debug|Any CPU.ActiveCfg = Debug|Any CPU
		{32005E81-FAE7-414E-8115-6F9757A3E8E8}.Debug|Any CPU.Build.0 = Debug|Any CPU
		{32005E81-FAE7-414E-8115-6F9757A3E8E8}.Release|Any CPU.ActiveCfg = Release|Any CPU
		{32005E81-FAE7-414E-8115-6F9757A3E8E8}.Release|Any CPU.Build.0 = Release|Any CPU
		{9B917972-E63D-4D34-AB5A-C58C1F614B4A}.Debug|Any CPU.ActiveCfg = Debug|Any CPU
		{9B917972-E63D-4D34-AB5A-C58C1F614B4A}.Debug|Any CPU.Build.0 = Debug|Any CPU
		{9B917972-E63D-4D34-AB5A-C58C1F614B4A}.Release|Any CPU.ActiveCfg = Release|Any CPU
		{9B917972-E63D-4D34-AB5A-C58C1F614B4A}.Release|Any CPU.Build.0 = Release|Any CPU
		{66A6353F-5003-4342-B65C-EA452F241CCB}.Debug|Any CPU.ActiveCfg = Debug|Any CPU
		{66A6353F-5003-4342-B65C-EA452F241CCB}.Debug|Any CPU.Build.0 = Debug|Any CPU
		{66A6353F-5003-4342-B65C-EA452F241CCB}.Release|Any CPU.ActiveCfg = Release|Any CPU
		{66A6353F-5003-4342-B65C-EA452F241CCB}.Release|Any CPU.Build.0 = Release|Any CPU
		{BBCAFEB5-2283-4E01-9AA4-BD9F0B976BC8}.Debug|Any CPU.ActiveCfg = Debug|Any CPU
		{BBCAFEB5-2283-4E01-9AA4-BD9F0B976BC8}.Debug|Any CPU.Build.0 = Debug|Any CPU
		{BBCAFEB5-2283-4E01-9AA4-BD9F0B976BC8}.Release|Any CPU.ActiveCfg = Release|Any CPU
		{BBCAFEB5-2283-4E01-9AA4-BD9F0B976BC8}.Release|Any CPU.Build.0 = Release|Any CPU
	EndGlobalSection
	GlobalSection(SolutionProperties) = preSolution
		HideSolutionNode = FALSE
	EndGlobalSection
	GlobalSection(ExtensibilityGlobals) = postSolution
		SolutionGuid = {5DC5FB44-DA54-4DEA-A28C-F01E226CF331}
	EndGlobalSection
EndGlobal
